Microsoft Visual Studio Solution File, Format Version 12.00
# Visual Studio 2013
VisualStudioVersion = 12.0.31101.0
MinimumVisualStudioVersion = 10.0.40219.1
Project("{FAE04EC0-301F-11D3-BF4B-00C04F79EFBC}") = "ImapLibrary", "ImapLibrary\ImapLibrary.csproj", "{CABA26F4-9260-4C3A-80ED-BF722156DD93}"
EndProject
Project("{FAE04EC0-301F-11D3-BF4B-00C04F79EFBC}") = "ImapLibraryTest", "ImapLibraryTest\ImapLibraryTest.csproj", "{2E3E6121-C7C1-4C06-8B04-01036024266B}"
EndProject
Project("{FAE04EC0-301F-11D3-BF4B-00C04F79EFBC}") = "ImapLibrary.Models", "ImapLibrary.Models\ImapLibrary.Models.csproj", "{8F76100C-2F75-4919-A320-50F6F884F9B1}"
EndProject
Project("{FAE04EC0-301F-11D3-BF4B-00C04F79EFBC}") = "ImapLibrary.Data", "ImapLibrary.Data\ImapLibrary.Data.csproj", "{39F47F6C-8C83-4567-9C88-C7C0CC349280}"
EndProject
Global
	GlobalSection(SolutionConfigurationPlatforms) = preSolution
		Debug|Any CPU = Debug|Any CPU
		Release|Any CPU = Release|Any CPU
	EndGlobalSection
	GlobalSection(ProjectConfigurationPlatforms) = postSolution
		{CABA26F4-9260-4C3A-80ED-BF722156DD93}.Debug|Any CPU.ActiveCfg = Debug|Any CPU
		{CABA26F4-9260-4C3A-80ED-BF722156DD93}.Debug|Any CPU.Build.0 = Debug|Any CPU
		{CABA26F4-9260-4C3A-80ED-BF722156DD93}.Release|Any CPU.ActiveCfg = Release|Any CPU
		{CABA26F4-9260-4C3A-80ED-BF722156DD93}.Release|Any CPU.Build.0 = Release|Any CPU
		{2E3E6121-C7C1-4C06-8B04-01036024266B}.Debug|Any CPU.ActiveCfg = Debug|Any CPU
		{2E3E6121-C7C1-4C06-8B04-01036024266B}.Debug|Any CPU.Build.0 = Debug|Any CPU
		{2E3E6121-C7C1-4C06-8B04-01036024266B}.Release|Any CPU.ActiveCfg = Release|Any CPU
		{2E3E6121-C7C1-4C06-8B04-01036024266B}.Release|Any CPU.Build.0 = Release|Any CPU
		{8F76100C-2F75-4919-A320-50F6F884F9B1}.Debug|Any CPU.ActiveCfg = Debug|Any CPU
		{8F76100C-2F75-4919-A320-50F6F884F9B1}.Debug|Any CPU.Build.0 = Debug|Any CPU
		{8F76100C-2F75-4919-A320-50F6F884F9B1}.Release|Any CPU.ActiveCfg = Release|Any CPU
		{8F76100C-2F75-4919-A320-50F6F884F9B1}.Release|Any CPU.Build.0 = Release|Any CPU
		{39F47F6C-8C83-4567-9C88-C7C0CC349280}.Debug|Any CPU.ActiveCfg = Debug|Any CPU
		{39F47F6C-8C83-4567-9C88-C7C0CC349280}.Debug|Any CPU.Build.0 = Debug|Any CPU
		{39F47F6C-8C83-4567-9C88-C7C0CC349280}.Release|Any CPU.ActiveCfg = Release|Any CPU
		{39F47F6C-8C83-4567-9C88-C7C0CC349280}.Release|Any CPU.Build.0 = Release|Any CPU
	EndGlobalSection
	GlobalSection(SolutionProperties) = preSolution
		HideSolutionNode = FALSE
	EndGlobalSection
EndGlobal
